
Microsoft Visual Studio Solution File, Format Version 12.00
# Visual Studio Version 17
VisualStudioVersion = 17.7.34024.191
MinimumVisualStudioVersion = 10.0.40219.1
Project("{FAE04EC0-301F-11D3-BF4B-00C04F79EFBC}") = "Lab05", "Lab05\Lab05.csproj", "{F78DA6F3-DE32-42DC-85AB-90953F69B337}"
EndProject
Project("{FAE04EC0-301F-11D3-BF4B-00C04F79EFBC}") = "Lab5Lib", "Lab5Lib\Lab5Lib.csproj", "{DD1AD2CD-FA96-41D2-AC1B-8D5AEB907ED1}"
EndProject
Global
	GlobalSection(SolutionConfigurationPlatforms) = preSolution
		Debug|Any CPU = Debug|Any CPU
		Release|Any CPU = Release|Any CPU
	EndGlobalSection
	GlobalSection(ProjectConfigurationPlatforms) = postSolution
		{F78DA6F3-DE32-42DC-85AB-90953F69B337}.Debug|Any CPU.ActiveCfg = Debug|Any CPU
		{F78DA6F3-DE32-42DC-85AB-90953F69B337}.Debug|Any CPU.Build.0 = Debug|Any CPU
		{F78DA6F3-DE32-42DC-85AB-90953F69B337}.Release|Any CPU.ActiveCfg = Release|Any CPU
		{F78DA6F3-DE32-42DC-85AB-90953F69B337}.Release|Any CPU.Build.0 = Release|Any CPU
		{DD1AD2CD-FA96-41D2-AC1B-8D5AEB907ED1}.Debug|Any CPU.ActiveCfg = Debug|Any CPU
		{DD1AD2CD-FA96-41D2-AC1B-8D5AEB907ED1}.Debug|Any CPU.Build.0 = Debug|Any CPU
		{DD1AD2CD-FA96-41D2-AC1B-8D5AEB907ED1}.Release|Any CPU.ActiveCfg = Release|Any CPU
		{DD1AD2CD-FA96-41D2-AC1B-8D5AEB907ED1}.Release|Any CPU.Build.0 = Release|Any CPU
	EndGlobalSection
	GlobalSection(SolutionProperties) = preSolution
		HideSolutionNode = FALSE
	EndGlobalSection
	GlobalSection(ExtensibilityGlobals) = postSolution
		SolutionGuid = {21A91820-6FDA-4153-A4BF-22750F9F1073}
	EndGlobalSection
EndGlobal
