
Microsoft Visual Studio Solution File, Format Version 12.00
# Visual Studio Version 17
VisualStudioVersion = 17.7.34024.191
MinimumVisualStudioVersion = 10.0.40219.1
Project("{FAE04EC0-301F-11D3-BF4B-00C04F79EFBC}") = "Lec03LibN", "Lec03LibN\Lec03LibN.csproj", "{63EF30F6-B2EF-4737-82B3-C7DE42F74A30}"
EndProject
Project("{FAE04EC0-301F-11D3-BF4B-00C04F79EFBC}") = "PP03", "PP03\PP03.csproj", "{0D9730F9-5A02-4346-B74D-06FD9E33E48A}"
EndProject
Global
	GlobalSection(SolutionConfigurationPlatforms) = preSolution
		Debug|Any CPU = Debug|Any CPU
		Release|Any CPU = Release|Any CPU
	EndGlobalSection
	GlobalSection(ProjectConfigurationPlatforms) = postSolution
		{63EF30F6-B2EF-4737-82B3-C7DE42F74A30}.Debug|Any CPU.ActiveCfg = Debug|Any CPU
		{63EF30F6-B2EF-4737-82B3-C7DE42F74A30}.Debug|Any CPU.Build.0 = Debug|Any CPU
		{63EF30F6-B2EF-4737-82B3-C7DE42F74A30}.Release|Any CPU.ActiveCfg = Release|Any CPU
		{63EF30F6-B2EF-4737-82B3-C7DE42F74A30}.Release|Any CPU.Build.0 = Release|Any CPU
		{0D9730F9-5A02-4346-B74D-06FD9E33E48A}.Debug|Any CPU.ActiveCfg = Debug|Any CPU
		{0D9730F9-5A02-4346-B74D-06FD9E33E48A}.Debug|Any CPU.Build.0 = Debug|Any CPU
		{0D9730F9-5A02-4346-B74D-06FD9E33E48A}.Release|Any CPU.ActiveCfg = Release|Any CPU
		{0D9730F9-5A02-4346-B74D-06FD9E33E48A}.Release|Any CPU.Build.0 = Release|Any CPU
	EndGlobalSection
	GlobalSection(SolutionProperties) = preSolution
		HideSolutionNode = FALSE
	EndGlobalSection
	GlobalSection(ExtensibilityGlobals) = postSolution
		SolutionGuid = {75496CBF-2F45-4F04-A63A-915DAF9C3FFB}
	EndGlobalSection
EndGlobal
